<?xml version="1.0" encoding="utf-8"?>
<Project ToolsVersion="4.0" xmlns="http://schemas.microsoft.com/developer/msbuild/2003">
  <ItemGroup>
    <Filter Include="소스 파일">
      <UniqueIdentifier>{4FC737F1-C7A5-4376-A066-2A32D752A2FF}</UniqueIdentifier>
      <Extensions>cpp;c;cc;cxx;c++;cppm;ixx;def;odl;idl;hpj;bat;asm;asmx</Extensions>
    </Filter>
    <Filter Include="헤더 파일">
      <UniqueIdentifier>{93995380-89BD-4b04-88EB-625FBE52EBFB}</UniqueIdentifier>
      <Extensions>h;hh;hpp;hxx;h++;hm;inl;inc;ipp;xsd</Extensions>
    </Filter>
    <Filter Include="리소스 파일">
      <UniqueIdentifier>{67DA6AB6-F800-4c08-8B7A-83BB121AAD01}</UniqueIdentifier>
      <Extensions>rc;ico;cur;bmp;dlg;rc2;rct;bin;rgs;gif;jpg;jpeg;jpe;resx;tiff;tif;png;wav;mfcribbon-ms</Extensions>
    </Filter>
    <Filter Include="헤더 파일\DirectXTex">
      <UniqueIdentifier>{50fe6247-4fa2-4706-9cf6-92aede2b7fec}</UniqueIdentifier>
    </Filter>
    <Filter Include="셰이더">
      <UniqueIdentifier>{fe7fb099-04cd-4d54-9448-3a04f1984d30}</UniqueIdentifier>
    </Filter>
    <Filter Include="헤더 파일\IMGUI">
      <UniqueIdentifier>{107a5395-c172-42cd-a789-4392c2bfc922}</UniqueIdentifier>
    </Filter>
    <Filter Include="소스 파일\IMGUI">
      <UniqueIdentifier>{6ddd3c78-daf3-4f2d-bca3-249554937da2}</UniqueIdentifier>
    </Filter>
    <Filter Include="소스 파일\UI">
      <UniqueIdentifier>{d36a9dfb-cf3a-40bb-abe4-b1c5a583d34f}</UniqueIdentifier>
    </Filter>
    <Filter Include="소스 파일\셰이더 클래스">
      <UniqueIdentifier>{a7b7b023-9f92-4a9a-96a1-eea2b99a2906}</UniqueIdentifier>
    </Filter>
    <Filter Include="헤더 파일\셰이더 클래스">
      <UniqueIdentifier>{7764df23-65e0-45fa-a308-878f10164b91}</UniqueIdentifier>
    </Filter>
    <Filter Include="헤더 파일\UI">
      <UniqueIdentifier>{8cd86e3e-27cc-41b6-b4a3-50a258ac0057}</UniqueIdentifier>
    </Filter>
    <Filter Include="헤더 파일\컴포넌트">
      <UniqueIdentifier>{7b193f85-dd2d-435f-81e4-ed8271b94bcd}</UniqueIdentifier>
    </Filter>
    <Filter Include="소스 파일\컴포넌트">
      <UniqueIdentifier>{b5726a72-5b48-4bf2-a985-ee58eec43ddc}</UniqueIdentifier>
    </Filter>
  </ItemGroup>
  <ItemGroup>
    <ClInclude Include="framework.h">
      <Filter>헤더 파일</Filter>
    </ClInclude>
    <ClInclude Include="targetver.h">
      <Filter>헤더 파일</Filter>
    </ClInclude>
    <ClInclude Include="Resource.h">
      <Filter>헤더 파일</Filter>
    </ClInclude>
    <ClInclude Include="DirectX11-ModelViewer.h">
      <Filter>헤더 파일</Filter>
    </ClInclude>
    <ClInclude Include="SystemClass.h">
      <Filter>헤더 파일</Filter>
    </ClInclude>
    <ClInclude Include="GraphicsClass.h">
      <Filter>헤더 파일</Filter>
    </ClInclude>
    <ClInclude Include="D3DClass.h">
      <Filter>헤더 파일</Filter>
    </ClInclude>
    <ClInclude Include="DirectXTex\DirectXTex.h">
      <Filter>헤더 파일\DirectXTex</Filter>
    </ClInclude>
    <ClInclude Include="Texture.h">
      <Filter>헤더 파일</Filter>
    </ClInclude>
    <ClInclude Include="Utility.h">
      <Filter>헤더 파일</Filter>
    </ClInclude>
    <ClInclude Include="MathHelper.h">
      <Filter>헤더 파일</Filter>
    </ClInclude>
    <ClInclude Include="Mesh.h">
      <Filter>헤더 파일</Filter>
    </ClInclude>
    <ClInclude Include="FBXLoader.h">
      <Filter>헤더 파일</Filter>
    </ClInclude>
    <ClInclude Include="Camera.h">
      <Filter>헤더 파일</Filter>
    </ClInclude>
    <ClInclude Include="Light.h">
      <Filter>헤더 파일</Filter>
    </ClInclude>
    <ClInclude Include="Time.h">
      <Filter>헤더 파일</Filter>
    </ClInclude>
    <ClInclude Include="Transform.h">
      <Filter>헤더 파일</Filter>
    </ClInclude>
    <ClInclude Include="GameObject.h">
      <Filter>헤더 파일</Filter>
    </ClInclude>
    <ClInclude Include="IMGUI\imconfig.h">
      <Filter>헤더 파일\IMGUI</Filter>
    </ClInclude>
    <ClInclude Include="IMGUI\imgui.h">
      <Filter>헤더 파일\IMGUI</Filter>
    </ClInclude>
    <ClInclude Include="IMGUI\imgui_impl_dx11.h">
      <Filter>헤더 파일\IMGUI</Filter>
    </ClInclude>
    <ClInclude Include="IMGUI\imgui_impl_win32.h">
      <Filter>헤더 파일\IMGUI</Filter>
    </ClInclude>
    <ClInclude Include="IMGUI\imgui_internal.h">
      <Filter>헤더 파일\IMGUI</Filter>
    </ClInclude>
    <ClInclude Include="IMGUI\imstb_rectpack.h">
      <Filter>헤더 파일\IMGUI</Filter>
    </ClInclude>
    <ClInclude Include="IMGUI\imstb_textedit.h">
      <Filter>헤더 파일\IMGUI</Filter>
    </ClInclude>
    <ClInclude Include="IMGUI\imstb_truetype.h">
      <Filter>헤더 파일\IMGUI</Filter>
    </ClInclude>
    <ClInclude Include="InputClass.h">
      <Filter>헤더 파일</Filter>
    </ClInclude>
    <ClInclude Include="TransformInspector.h">
      <Filter>헤더 파일\UI</Filter>
    </ClInclude>
    <ClInclude Include="MainInspector.h">
      <Filter>헤더 파일\UI</Filter>
    </ClInclude>
    <ClInclude Include="FileBrowser.h">
      <Filter>헤더 파일\UI</Filter>
    </ClInclude>
    <ClInclude Include="ImguiClass.h">
      <Filter>헤더 파일\UI</Filter>
    </ClInclude>
    <ClInclude Include="GridClass.h">
      <Filter>헤더 파일</Filter>
    </ClInclude>
    <ClInclude Include="ColorShader.h">
      <Filter>헤더 파일</Filter>
    </ClInclude>
    <ClInclude Include="CameraTransform.h">
      <Filter>헤더 파일</Filter>
    </ClInclude>
    <ClInclude Include="LightState.h">
      <Filter>헤더 파일</Filter>
    </ClInclude>
    <ClInclude Include="RenderTextureClass.h">
      <Filter>헤더 파일</Filter>
    </ClInclude>
    <ClInclude Include="ModelClass.h">
      <Filter>헤더 파일</Filter>
    </ClInclude>
    <ClInclude Include="ArrowModel.h">
      <Filter>헤더 파일</Filter>
    </ClInclude>
    <ClInclude Include="Bounds.h">
      <Filter>헤더 파일</Filter>
    </ClInclude>
    <ClInclude Include="BitmapClass.h">
      <Filter>헤더 파일</Filter>
    </ClInclude>
    <ClInclude Include="BoneTransformInspector.h">
      <Filter>헤더 파일\UI</Filter>
    </ClInclude>
    <ClInclude Include="SolidColorShader.h">
      <Filter>헤더 파일\셰이더 클래스</Filter>
    </ClInclude>
    <ClInclude Include="SpecularShaderClass.h">
      <Filter>헤더 파일\셰이더 클래스</Filter>
    </ClInclude>
    <ClInclude Include="SkinnedMeshShader.h">
      <Filter>헤더 파일\셰이더 클래스</Filter>
    </ClInclude>
    <ClInclude Include="SkinnedDepthShaderClass.h">
      <Filter>헤더 파일\셰이더 클래스</Filter>
    </ClInclude>
    <ClInclude Include="ShadowShaderClass.h">
      <Filter>헤더 파일\셰이더 클래스</Filter>
    </ClInclude>
    <ClInclude Include="DepthShaderClass.h">
      <Filter>헤더 파일\셰이더 클래스</Filter>
    </ClInclude>
    <ClInclude Include="TextureShaderClass.h">
      <Filter>헤더 파일</Filter>
    </ClInclude>
    <ClInclude Include="AnimationFileBrowser.h">
      <Filter>헤더 파일\UI</Filter>
    </ClInclude>
    <ClInclude Include="TempMesh.h">
      <Filter>헤더 파일</Filter>
    </ClInclude>
    <ClInclude Include="MeshClass.h">
      <Filter>헤더 파일</Filter>
    </ClInclude>
    <ClInclude Include="Component.h">
      <Filter>헤더 파일\컴포넌트</Filter>
    </ClInclude>
    <ClInclude Include="TransformComponent.h">
      <Filter>헤더 파일\컴포넌트</Filter>
    </ClInclude>
    <ClInclude Include="MeshRenderComponent.h">
      <Filter>헤더 파일\컴포넌트</Filter>
    </ClInclude>
    <ClInclude Include="AnimatorComponent.h">
      <Filter>헤더 파일\컴포넌트</Filter>
    </ClInclude>
    <ClInclude Include="SkinnedMeshRenderComponent.h">
      <Filter>헤더 파일\컴포넌트</Filter>
    </ClInclude>
    <ClInclude Include="AssetClass.h">
      <Filter>헤더 파일</Filter>
    </ClInclude>
    <ClInclude Include="GameObjectBrowser.h">
      <Filter>헤더 파일\UI</Filter>
    </ClInclude>
    <ClInclude Include="ModelListBrowser.h">
      <Filter>헤더 파일\UI</Filter>
    </ClInclude>
    <ClInclude Include="Getter.h">
      <Filter>헤더 파일</Filter>
    </ClInclude>
  </ItemGroup>
  <ItemGroup>
    <ResourceCompile Include="DirectX11-ModelViewer.rc">
      <Filter>리소스 파일</Filter>
    </ResourceCompile>
  </ItemGroup>
  <ItemGroup>
    <Image Include="small.ico">
      <Filter>리소스 파일</Filter>
    </Image>
    <Image Include="DirectX11-ModelViewer.ico">
      <Filter>리소스 파일</Filter>
    </Image>
  </ItemGroup>
  <ItemGroup>
    <ClCompile Include="main.cpp">
      <Filter>소스 파일</Filter>
    </ClCompile>
    <ClCompile Include="SystemClass.cpp">
      <Filter>소스 파일</Filter>
    </ClCompile>
    <ClCompile Include="GraphicsClass.cpp">
      <Filter>소스 파일</Filter>
    </ClCompile>
    <ClCompile Include="D3DClass.cpp">
      <Filter>소스 파일</Filter>
    </ClCompile>
    <ClCompile Include="Texture.cpp">
      <Filter>소스 파일</Filter>
    </ClCompile>
    <ClCompile Include="MathHelper.cpp">
      <Filter>소스 파일</Filter>
    </ClCompile>
    <ClCompile Include="Mesh.cpp">
      <Filter>소스 파일</Filter>
    </ClCompile>
    <ClCompile Include="FBXLoader.cpp">
      <Filter>소스 파일</Filter>
    </ClCompile>
    <ClCompile Include="Camera.cpp">
      <Filter>소스 파일</Filter>
    </ClCompile>
    <ClCompile Include="Light.cpp">
      <Filter>소스 파일</Filter>
    </ClCompile>
    <ClCompile Include="Time.cpp">
      <Filter>소스 파일</Filter>
    </ClCompile>
    <ClCompile Include="Transform.cpp">
      <Filter>소스 파일</Filter>
    </ClCompile>
    <ClCompile Include="GameObject.cpp">
      <Filter>소스 파일</Filter>
    </ClCompile>
    <ClCompile Include="IMGUI\imgui.cpp">
      <Filter>소스 파일\IMGUI</Filter>
    </ClCompile>
    <ClCompile Include="IMGUI\imgui_draw.cpp">
      <Filter>소스 파일\IMGUI</Filter>
    </ClCompile>
    <ClCompile Include="IMGUI\imgui_impl_dx11.cpp">
      <Filter>소스 파일\IMGUI</Filter>
    </ClCompile>
    <ClCompile Include="IMGUI\imgui_impl_win32.cpp">
      <Filter>소스 파일\IMGUI</Filter>
    </ClCompile>
    <ClCompile Include="IMGUI\imgui_tables.cpp">
      <Filter>소스 파일\IMGUI</Filter>
    </ClCompile>
    <ClCompile Include="IMGUI\imgui_widgets.cpp">
      <Filter>소스 파일\IMGUI</Filter>
    </ClCompile>
    <ClCompile Include="InputClass.cpp">
      <Filter>소스 파일</Filter>
    </ClCompile>
    <ClCompile Include="ImguiClass.cpp">
      <Filter>소스 파일\UI</Filter>
    </ClCompile>
    <ClCompile Include="TransformInspector.cpp">
      <Filter>소스 파일\UI</Filter>
    </ClCompile>
    <ClCompile Include="MainInspector.cpp">
      <Filter>소스 파일\UI</Filter>
    </ClCompile>
    <ClCompile Include="FileBrowser.cpp">
      <Filter>소스 파일\UI</Filter>
    </ClCompile>
    <ClCompile Include="GridClass.cpp">
      <Filter>소스 파일</Filter>
    </ClCompile>
    <ClCompile Include="CameraTransform.cpp">
      <Filter>소스 파일</Filter>
    </ClCompile>
    <ClCompile Include="LightState.cpp">
      <Filter>소스 파일</Filter>
    </ClCompile>
    <ClCompile Include="RenderTextureClass.cpp">
      <Filter>소스 파일</Filter>
    </ClCompile>
    <ClCompile Include="ModelClass.cpp">
      <Filter>소스 파일</Filter>
    </ClCompile>
    <ClCompile Include="ArrowModel.cpp">
      <Filter>소스 파일</Filter>
    </ClCompile>
    <ClCompile Include="Bounds.cpp">
      <Filter>소스 파일</Filter>
    </ClCompile>
    <ClCompile Include="BitmapClass.cpp">
      <Filter>소스 파일</Filter>
    </ClCompile>
    <ClCompile Include="DepthShaderClass.cpp">
      <Filter>소스 파일\셰이더 클래스</Filter>
    </ClCompile>
    <ClCompile Include="ColorShader.cpp">
      <Filter>소스 파일\셰이더 클래스</Filter>
    </ClCompile>
    <ClCompile Include="SkinnedDepthShaderClass.cpp">
      <Filter>소스 파일\셰이더 클래스</Filter>
    </ClCompile>
    <ClCompile Include="SkinnedMeshShader.cpp">
      <Filter>소스 파일\셰이더 클래스</Filter>
    </ClCompile>
    <ClCompile Include="ShadowShaderClass.cpp">
      <Filter>소스 파일\셰이더 클래스</Filter>
    </ClCompile>
    <ClCompile Include="SolidColorShader.cpp">
      <Filter>소스 파일\셰이더 클래스</Filter>
    </ClCompile>
    <ClCompile Include="SpecularShaderClass.cpp">
      <Filter>소스 파일\셰이더 클래스</Filter>
    </ClCompile>
    <ClCompile Include="BoneTransformInspector.cpp">
      <Filter>소스 파일\UI</Filter>
    </ClCompile>
    <ClCompile Include="TextureShaderClass.cpp">
      <Filter>소스 파일\셰이더 클래스</Filter>
    </ClCompile>
    <ClCompile Include="AnimationFileBrowser.cpp">
      <Filter>소스 파일\UI</Filter>
    </ClCompile>
    <ClCompile Include="TempMesh.cpp">
      <Filter>소스 파일</Filter>
    </ClCompile>
    <ClCompile Include="MeshClass.cpp">
      <Filter>소스 파일</Filter>
    </ClCompile>
    <ClCompile Include="AssetClass.cpp">
      <Filter>소스 파일</Filter>
    </ClCompile>
    <ClCompile Include="ModelListBrowser.cpp">
      <Filter>소스 파일\UI</Filter>
    </ClCompile>
    <ClCompile Include="GameObjectBrowser.cpp">
      <Filter>소스 파일\UI</Filter>
    </ClCompile>
  </ItemGroup>
  <ItemGroup>
    <None Include="DirectXTex\DirectXTex.inl">
      <Filter>헤더 파일\DirectXTex</Filter>
    </None>
    <None Include="SkinnedMeshPixelShader.HLSL">
      <Filter>셰이더</Filter>
    </None>
    <None Include="SkinnedMeshVertexShader.HLSL">
      <Filter>셰이더</Filter>
    </None>
    <None Include="SpecularVertexShader.hlsl">
      <Filter>셰이더</Filter>
    </None>
    <None Include="SpecularPixelShader.hlsl">
      <Filter>셰이더</Filter>
    </None>
    <None Include="ColorShader.hlsl">
      <Filter>셰이더</Filter>
    </None>
    <None Include="DepthVertex.hlsl">
      <Filter>셰이더</Filter>
    </None>
    <None Include="DepthPixel.hlsl">
      <Filter>셰이더</Filter>
    </None>
    <None Include="ShadowVertexShader.hlsl">
      <Filter>셰이더</Filter>
    </None>
    <None Include="ShadowPixelShader.hlsl">
      <Filter>셰이더</Filter>
    </None>
    <None Include="SkinnedDepthVertexShader.hlsl">
      <Filter>셰이더</Filter>
    </None>
    <None Include="SolidColorShader.hlsl">
      <Filter>셰이더</Filter>
    </None>
    <None Include="TexturePixelShader.hlsl">
      <Filter>셰이더</Filter>
    </None>
    <None Include="TextureVertexShader.hlsl">
      <Filter>셰이더</Filter>
    </None>
    <None Include="TransformComponent.cpp">
      <Filter>소스 파일\컴포넌트</Filter>
    </None>
    <None Include="MeshRenderComponent.cpp">
      <Filter>소스 파일\컴포넌트</Filter>
    </None>
    <None Include="cpp.hint" />
  </ItemGroup>
</Project>